
Microsoft Visual Studio Solution File, Format Version 12.00
# Visual Studio Version 17
VisualStudioVersion = 17.4.33103.184
MinimumVisualStudioVersion = 10.0.40219.1
Project("{FAE04EC0-301F-11D3-BF4B-00C04F79EFBC}") = "HomeWork1", "HomeWork1\HomeWork1.csproj", "{F5608B9B-99EF-4405-B208-4046AEE1DFFE}"
EndProject
Global
	GlobalSection(SolutionConfigurationPlatforms) = preSolution
		Debug|Any CPU = Debug|Any CPU
		Release|Any CPU = Release|Any CPU
	EndGlobalSection
	GlobalSection(ProjectConfigurationPlatforms) = postSolution
		{F5608B9B-99EF-4405-B208-4046AEE1DFFE}.Debug|Any CPU.ActiveCfg = Debug|Any CPU
		{F5608B9B-99EF-4405-B208-4046AEE1DFFE}.Debug|Any CPU.Build.0 = Debug|Any CPU
		{F5608B9B-99EF-4405-B208-4046AEE1DFFE}.Release|Any CPU.ActiveCfg = Release|Any CPU
		{F5608B9B-99EF-4405-B208-4046AEE1DFFE}.Release|Any CPU.Build.0 = Release|Any CPU
	EndGlobalSection
	GlobalSection(SolutionProperties) = preSolution
		HideSolutionNode = FALSE
	EndGlobalSection
	GlobalSection(ExtensibilityGlobals) = postSolution
		SolutionGuid = {6A89E2AD-2594-4135-957C-EB8E750AC646}
	EndGlobalSection
EndGlobal
